// !$*UTF8*$!
{
	archiveVersion = 1;
	classes = {
	};
	objectVersion = 77;
	objects = {

/* Begin PBXBuildFile section */
		10A597D9B89AF751C8F6220F /* Position.swift in Sources */ = {isa = PBXBuildFile; fileRef = CA68D051F7E6B3D8396319F1 /* Position.swift */; };
		16BF21C4806ED2A1C51A21FF /* Inter-Variable.ttf in Resources */ = {isa = PBXBuildFile; fileRef = 8EB3AB54AAFB8C83DECCA920 /* Inter-Variable.ttf */; };
		A2F93BC17D4E8A21C6F0553D /* JetBrainsMono-Regular.ttf in Resources */ = {isa = PBXBuildFile; fileRef = B5D24A78E9C13F60A17B2E84 /* JetBrainsMono-Regular.ttf */; };
		1BCA71D523BEDF92D78F7089 /* HoldingsViewModel.swift in Sources */ = {isa = PBXBuildFile; fileRef = A1C38C07B0CF0ED9A35F1AC9 /* HoldingsViewModel.swift */; };
		1F29992CC73FA2AF8A5053C7 /* DigestView.swift in Sources */ = {isa = PBXBuildFile; fileRef = 109D64880EF83D2FC224A3F4 /* DigestView.swift */; };
		2968C7B9D5B0CD322BFC6BA5 /* AlertsView.swift in Sources */ = {isa = PBXBuildFile; fileRef = B8722709AAABD33C139625D0 /* AlertsView.swift */; };
		2D0A2D28435796BB5DF7C2ED /* PushNotificationManager.swift in Sources */ = {isa = PBXBuildFile; fileRef = 473421A47E2CCB53FC0AEAF7 /* PushNotificationManager.swift */; };
		2E5B0458654B424B86CC9561 /* DisplayText.swift in Sources */ = {isa = PBXBuildFile; fileRef = 6DE04452D246D5FAAB52974D /* DisplayText.swift */; };
		3EAE8B2B99CE87F9C797C551 /* PositionAnalysis.swift in Sources */ = {isa = PBXBuildFile; fileRef = E435B87D2019D238DB264C8B /* PositionAnalysis.swift */; };
		43838696AA2414C499640B61 /* SupabaseAuthService.swift in Sources */ = {isa = PBXBuildFile; fileRef = 907D204F5C1EFC6857CFA92B /* SupabaseAuthService.swift */; };
		4541BC98D2D1F6C144CF8016 /* HoldingsListView.swift in Sources */ = {isa = PBXBuildFile; fileRef = B47422C72E57F1AD65337925 /* HoldingsListView.swift */; };
		4C67DB796D30B8B099615B2E /* Assets.xcassets in Resources */ = {isa = PBXBuildFile; fileRef = 3EF9D33F89ABA37D1B82F8FF /* Assets.xcassets */; };
		4E2788D874AA22953477EE2A /* PriceChartView.swift in Sources */ = {isa = PBXBuildFile; fileRef = 1F46151C0C929856200978D9 /* PriceChartView.swift */; };
		59E27730391F02665109EBB6 /* SafariView.swift in Sources */ = {isa = PBXBuildFile; fileRef = 0C394F153A0BBF81D597DFF4 /* SafariView.swift */; };
		60A69B6B2A7CE1A438849371 /* UserPreferences.swift in Sources */ = {isa = PBXBuildFile; fileRef = 661F4F5923CFE0B8A301B005 /* UserPreferences.swift */; };
		6139879EB1B162A49C723F69 /* RiskScore.swift in Sources */ = {isa = PBXBuildFile; fileRef = E839D4A9335DA9418736C503 /* RiskScore.swift */; };
		6587A362239F3C87E8A9CE9E /* APIService.swift in Sources */ = {isa = PBXBuildFile; fileRef = 5854505856CBD1CDCBC4D3B7 /* APIService.swift */; };
		6953499DF9BAA30FB978D436 /* Digest.swift in Sources */ = {isa = PBXBuildFile; fileRef = 53555B360591C580A0CD8C63 /* Digest.swift */; };
		6F0B803D54BA6BD919253616 /* PricePoint.swift in Sources */ = {isa = PBXBuildFile; fileRef = C13D5D4E31318BDF9E836901 /* PricePoint.swift */; };
		7E689AB654B29D40998B2FAA /* Dashboard.swift in Sources */ = {isa = PBXBuildFile; fileRef = 741B24BE5B94DBF045AACBD4 /* Dashboard.swift */; };
		872A60158E6C4EDDC96F4A92 /* RiskEnums.swift in Sources */ = {isa = PBXBuildFile; fileRef = C30AAE01DC38DF049E30EA36 /* RiskEnums.swift */; };
		8DAD521FBA34344E7E3DE207 /* ContentView.swift in Sources */ = {isa = PBXBuildFile; fileRef = 011115DAEE21B65A0074A27C /* ContentView.swift */; };
		8FA2D2834E7E84E515B83A7F /* SettingsViewModel.swift in Sources */ = {isa = PBXBuildFile; fileRef = DB1A7BF18764341D7867CC44 /* SettingsViewModel.swift */; };
		9112C7EA91240C472D69C7AC /* MainTabView.swift in Sources */ = {isa = PBXBuildFile; fileRef = 15B66612E5443B430352FAAB /* MainTabView.swift */; };
		96008B0C1B49E0BCB4D6E95E /* DashboardViewModel.swift in Sources */ = {isa = PBXBuildFile; fileRef = 5BF6E99DAA89FDB9AA24DB3B /* DashboardViewModel.swift */; };
		A07E209B16067F077DE89AB7 /* LoginView.swift in Sources */ = {isa = PBXBuildFile; fileRef = 865D86FE1054F68F98487739 /* LoginView.swift */; };
		A2374B88B846298636A93F5B /* NewsItem.swift in Sources */ = {isa = PBXBuildFile; fileRef = 5D8545E60D1223D1BE1CAC01 /* NewsItem.swift */; };
		AC8980659B3AB2CCC50D1CC8 /* AuthViewModel.swift in Sources */ = {isa = PBXBuildFile; fileRef = 0FBC158DBA1385D691EFFC37 /* AuthViewModel.swift */; };
		B17527C480F9282C275C623A /* DigestViewModel.swift in Sources */ = {isa = PBXBuildFile; fileRef = 1C6F0F05198A0A2B6FCFBAC5 /* DigestViewModel.swift */; };
		B27C10B2A3807B3DF6854E93 /* AlertsViewModel.swift in Sources */ = {isa = PBXBuildFile; fileRef = 2D439D2E866ACEF64034DD2D /* AlertsViewModel.swift */; };
		B288C1564FD3A5CA715AEE40 /* ClavisApp.swift in Sources */ = {isa = PBXBuildFile; fileRef = B80F8C63EDE5E09B0FB7067F /* ClavisApp.swift */; };
		B61BCC248F71D8DB1FB4DCCB /* ClavisDesignSystem.swift in Sources */ = {isa = PBXBuildFile; fileRef = BE607541546CE04B5295937C /* ClavisDesignSystem.swift */; };
		B8B6B6FAF7596041845F530D /* DecodingHelpers.swift in Sources */ = {isa = PBXBuildFile; fileRef = 50C0926DEC5A852E71E5F348 /* DecodingHelpers.swift */; };
		B9DD10F0D12C47D0C61BEF8D /* SettingsView.swift in Sources */ = {isa = PBXBuildFile; fileRef = 5856048E7E14BD3C2E4B76B9 /* SettingsView.swift */; };
		C3B908BF8D2C24F59E42F8D6 /* PositionDetailView.swift in Sources */ = {isa = PBXBuildFile; fileRef = E1FCE7F1240CC9D1BB5D9A91 /* PositionDetailView.swift */; };
		D6CE6DA725D651B0796E0F78 /* AnalysisRun.swift in Sources */ = {isa = PBXBuildFile; fileRef = 11006E9F2139120F0114C419 /* AnalysisRun.swift */; };
		E9D835436887C65DC61A0B7C /* Supabase in Frameworks */ = {isa = PBXBuildFile; productRef = A5451017CC31874BF6BE7AAD /* Supabase */; };
		F93CCEE1F1296B9D0C69B5DE /* DashboardView.swift in Sources */ = {isa = PBXBuildFile; fileRef = A5460710645F8A1BFF558CFE /* DashboardView.swift */; };
		FF2EFFAFA4C71C004E7BE8F0 /* Alert.swift in Sources */ = {isa = PBXBuildFile; fileRef = 87747037B87C524712EB60CE /* Alert.swift */; };
/* End PBXBuildFile section */

/* Begin PBXFileReference section */
		011115DAEE21B65A0074A27C /* ContentView.swift */ = {isa = PBXFileReference; lastKnownFileType = sourcecode.swift; path = ContentView.swift; sourceTree = "<group>"; };
		0C394F153A0BBF81D597DFF4 /* SafariView.swift */ = {isa = PBXFileReference; lastKnownFileType = sourcecode.swift; path = SafariView.swift; sourceTree = "<group>"; };
		0FBC158DBA1385D691EFFC37 /* AuthViewModel.swift */ = {isa = PBXFileReference; lastKnownFileType = sourcecode.swift; path = AuthViewModel.swift; sourceTree = "<group>"; };
		109D64880EF83D2FC224A3F4 /* DigestView.swift */ = {isa = PBXFileReference; lastKnownFileType = sourcecode.swift; path = DigestView.swift; sourceTree = "<group>"; };
		11006E9F2139120F0114C419 /* AnalysisRun.swift */ = {isa = PBXFileReference; lastKnownFileType = sourcecode.swift; path = AnalysisRun.swift; sourceTree = "<group>"; };
		15B66612E5443B430352FAAB /* MainTabView.swift */ = {isa = PBXFileReference; lastKnownFileType = sourcecode.swift; path = MainTabView.swift; sourceTree = "<group>"; };
		1C6F0F05198A0A2B6FCFBAC5 /* DigestViewModel.swift */ = {isa = PBXFileReference; lastKnownFileType = sourcecode.swift; path = DigestViewModel.swift; sourceTree = "<group>"; };
		1F46151C0C929856200978D9 /* PriceChartView.swift */ = {isa = PBXFileReference; lastKnownFileType = sourcecode.swift; path = PriceChartView.swift; sourceTree = "<group>"; };
		29A809E82D0C86C833E0C7B3 /* Info.plist */ = {isa = PBXFileReference; lastKnownFileType = text.plist; path = Info.plist; sourceTree = "<group>"; };
		2D439D2E866ACEF64034DD2D /* AlertsViewModel.swift */ = {isa = PBXFileReference; lastKnownFileType = sourcecode.swift; path = AlertsViewModel.swift; sourceTree = "<group>"; };
		3EF9D33F89ABA37D1B82F8FF /* Assets.xcassets */ = {isa = PBXFileReference; lastKnownFileType = folder.assetcatalog; path = Assets.xcassets; sourceTree = "<group>"; };
		473421A47E2CCB53FC0AEAF7 /* PushNotificationManager.swift */ = {isa = PBXFileReference; lastKnownFileType = sourcecode.swift; path = PushNotificationManager.swift; sourceTree = "<group>"; };
		50C0926DEC5A852E71E5F348 /* DecodingHelpers.swift */ = {isa = PBXFileReference; lastKnownFileType = sourcecode.swift; path = DecodingHelpers.swift; sourceTree = "<group>"; };
		53555B360591C580A0CD8C63 /* Digest.swift */ = {isa = PBXFileReference; lastKnownFileType = sourcecode.swift; path = Digest.swift; sourceTree = "<group>"; };
		5854505856CBD1CDCBC4D3B7 /* APIService.swift */ = {isa = PBXFileReference; lastKnownFileType = sourcecode.swift; path = APIService.swift; sourceTree = "<group>"; };
		5856048E7E14BD3C2E4B76B9 /* SettingsView.swift */ = {isa = PBXFileReference; lastKnownFileType = sourcecode.swift; path = SettingsView.swift; sourceTree = "<group>"; };
		5BF6E99DAA89FDB9AA24DB3B /* DashboardViewModel.swift */ = {isa = PBXFileReference; lastKnownFileType = sourcecode.swift; path = DashboardViewModel.swift; sourceTree = "<group>"; };
		5D2D5EF09E956F001BB97806 /* Clavis.app */ = {isa = PBXFileReference; includeInIndex = 0; lastKnownFileType = wrapper.application; path = Clavis.app; sourceTree = BUILT_PRODUCTS_DIR; };
		5D8545E60D1223D1BE1CAC01 /* NewsItem.swift */ = {isa = PBXFileReference; lastKnownFileType = sourcecode.swift; path = NewsItem.swift; sourceTree = "<group>"; };
		661F4F5923CFE0B8A301B005 /* UserPreferences.swift */ = {isa = PBXFileReference; lastKnownFileType = sourcecode.swift; path = UserPreferences.swift; sourceTree = "<group>"; };
		6DE04452D246D5FAAB52974D /* DisplayText.swift */ = {isa = PBXFileReference; lastKnownFileType = sourcecode.swift; path = DisplayText.swift; sourceTree = "<group>"; };
		741B24BE5B94DBF045AACBD4 /* Dashboard.swift */ = {isa = PBXFileReference; lastKnownFileType = sourcecode.swift; path = Dashboard.swift; sourceTree = "<group>"; };
		865D86FE1054F68F98487739 /* LoginView.swift */ = {isa = PBXFileReference; lastKnownFileType = sourcecode.swift; path = LoginView.swift; sourceTree = "<group>"; };
		87747037B87C524712EB60CE /* Alert.swift */ = {isa = PBXFileReference; lastKnownFileType = sourcecode.swift; path = Alert.swift; sourceTree = "<group>"; };
		8EB3AB54AAFB8C83DECCA920 /* Inter-Variable.ttf */ = {isa = PBXFileReference; lastKnownFileType = file; path = "Inter-Variable.ttf"; sourceTree = "<group>"; };
		B5D24A78E9C13F60A17B2E84 /* JetBrainsMono-Regular.ttf */ = {isa = PBXFileReference; lastKnownFileType = file; path = "JetBrainsMono-Regular.ttf"; sourceTree = "<group>"; };
		907D204F5C1EFC6857CFA92B /* SupabaseAuthService.swift */ = {isa = PBXFileReference; lastKnownFileType = sourcecode.swift; path = SupabaseAuthService.swift; sourceTree = "<group>"; };
		A1C38C07B0CF0ED9A35F1AC9 /* HoldingsViewModel.swift */ = {isa = PBXFileReference; lastKnownFileType = sourcecode.swift; path = HoldingsViewModel.swift; sourceTree = "<group>"; };
		A5460710645F8A1BFF558CFE /* DashboardView.swift */ = {isa = PBXFileReference; lastKnownFileType = sourcecode.swift; path = DashboardView.swift; sourceTree = "<group>"; };
		B47422C72E57F1AD65337925 /* HoldingsListView.swift */ = {isa = PBXFileReference; lastKnownFileType = sourcecode.swift; path = HoldingsListView.swift; sourceTree = "<group>"; };
		B80F8C63EDE5E09B0FB7067F /* ClavisApp.swift */ = {isa = PBXFileReference; lastKnownFileType = sourcecode.swift; path = ClavisApp.swift; sourceTree = "<group>"; };
		B8722709AAABD33C139625D0 /* AlertsView.swift */ = {isa = PBXFileReference; lastKnownFileType = sourcecode.swift; path = AlertsView.swift; sourceTree = "<group>"; };
		BE607541546CE04B5295937C /* ClavisDesignSystem.swift */ = {isa = PBXFileReference; lastKnownFileType = sourcecode.swift; path = ClavisDesignSystem.swift; sourceTree = "<group>"; };
		C13D5D4E31318BDF9E836901 /* PricePoint.swift */ = {isa = PBXFileReference; lastKnownFileType = sourcecode.swift; path = PricePoint.swift; sourceTree = "<group>"; };
		C30AAE01DC38DF049E30EA36 /* RiskEnums.swift */ = {isa = PBXFileReference; lastKnownFileType = sourcecode.swift; path = RiskEnums.swift; sourceTree = "<group>"; };
		CA68D051F7E6B3D8396319F1 /* Position.swift */ = {isa = PBXFileReference; lastKnownFileType = sourcecode.swift; path = Position.swift; sourceTree = "<group>"; };
		DB1A7BF18764341D7867CC44 /* SettingsViewModel.swift */ = {isa = PBXFileReference; lastKnownFileType = sourcecode.swift; path = SettingsViewModel.swift; sourceTree = "<group>"; };
		E1FCE7F1240CC9D1BB5D9A91 /* PositionDetailView.swift */ = {isa = PBXFileReference; lastKnownFileType = sourcecode.swift; path = PositionDetailView.swift; sourceTree = "<group>"; };
		E435B87D2019D238DB264C8B /* PositionAnalysis.swift */ = {isa = PBXFileReference; lastKnownFileType = sourcecode.swift; path = PositionAnalysis.swift; sourceTree = "<group>"; };
		E839D4A9335DA9418736C503 /* RiskScore.swift */ = {isa = PBXFileReference; lastKnownFileType = sourcecode.swift; path = RiskScore.swift; sourceTree = "<group>"; };
/* End PBXFileReference section */

/* Begin PBXFrameworksBuildPhase section */
		71815FF8A88E3F260966E583 /* Frameworks */ = {
			isa = PBXFrameworksBuildPhase;
			buildActionMask = 2147483647;
			files = (
				E9D835436887C65DC61A0B7C /* Supabase in Frameworks */,
			);
			runOnlyForDeploymentPostprocessing = 0;
		};
/* End PBXFrameworksBuildPhase section */

/* Begin PBXGroup section */
		0B3B3A8D03A92CEAF99BD0BD /* Shared */ = {
			isa = PBXGroup;
			children = (
				0C394F153A0BBF81D597DFF4 /* SafariView.swift */,
			);
			path = Shared;
			sourceTree = "<group>";
		};
		1939CBD9B7F3D2946014227C /* Views */ = {
			isa = PBXGroup;
			children = (
				BABB4F388D2039F1DE06A395 /* Alerts */,
				84F4A59C8C35041B11A8978F /* Auth */,
				7D4886C0E68B0CF608DF7929 /* Dashboard */,
				40A7F6C3D523EC123608F898 /* Digest */,
				1CF610E2823E0FCEC8E38A47 /* Holdings */,
				E71A0F7F9ACB89DE7131B165 /* PositionDetail */,
				C7F2833F8E006337767736A2 /* Settings */,
				0B3B3A8D03A92CEAF99BD0BD /* Shared */,
			);
			path = Views;
			sourceTree = "<group>";
		};
		1CF610E2823E0FCEC8E38A47 /* Holdings */ = {
			isa = PBXGroup;
			children = (
				B47422C72E57F1AD65337925 /* HoldingsListView.swift */,
			);
			path = Holdings;
			sourceTree = "<group>";
		};
		1EA8C6E91C0FC397242383BD /* Products */ = {
			isa = PBXGroup;
			children = (
				5D2D5EF09E956F001BB97806 /* Clavis.app */,
			);
			name = Products;
			sourceTree = "<group>";
		};
		350FA7B326AA170F98AEADE5 /* ViewModels */ = {
			isa = PBXGroup;
			children = (
				2D439D2E866ACEF64034DD2D /* AlertsViewModel.swift */,
				0FBC158DBA1385D691EFFC37 /* AuthViewModel.swift */,
				5BF6E99DAA89FDB9AA24DB3B /* DashboardViewModel.swift */,
				1C6F0F05198A0A2B6FCFBAC5 /* DigestViewModel.swift */,
				A1C38C07B0CF0ED9A35F1AC9 /* HoldingsViewModel.swift */,
				DB1A7BF18764341D7867CC44 /* SettingsViewModel.swift */,
			);
			path = ViewModels;
			sourceTree = "<group>";
		};
		36D84313533EA6B9713E3F62 /* Services */ = {
			isa = PBXGroup;
			children = (
				5854505856CBD1CDCBC4D3B7 /* APIService.swift */,
				473421A47E2CCB53FC0AEAF7 /* PushNotificationManager.swift */,
				907D204F5C1EFC6857CFA92B /* SupabaseAuthService.swift */,
			);
			path = Services;
			sourceTree = "<group>";
		};
		40A7F6C3D523EC123608F898 /* Digest */ = {
			isa = PBXGroup;
			children = (
				109D64880EF83D2FC224A3F4 /* DigestView.swift */,
			);
			path = Digest;
			sourceTree = "<group>";
		};
		77D100D22D580D259613F232 /* Resources */ = {
			isa = PBXGroup;
			children = (
				3EF9D33F89ABA37D1B82F8FF /* Assets.xcassets */,
				29A809E82D0C86C833E0C7B3 /* Info.plist */,
				C80DBCD1ED8D72314EE63837 /* Fonts */,
			);
			path = Resources;
			sourceTree = "<group>";
		};
		7D2927D5959CAAF74F750455 = {
			isa = PBXGroup;
			children = (
				AC65E2D75EB32E12A33E4FD5 /* Clavis */,
				1EA8C6E91C0FC397242383BD /* Products */,
			);
			sourceTree = "<group>";
		};
		7D4886C0E68B0CF608DF7929 /* Dashboard */ = {
			isa = PBXGroup;
			children = (
				A5460710645F8A1BFF558CFE /* DashboardView.swift */,
			);
			path = Dashboard;
			sourceTree = "<group>";
		};
		84F4A59C8C35041B11A8978F /* Auth */ = {
			isa = PBXGroup;
			children = (
				865D86FE1054F68F98487739 /* LoginView.swift */,
			);
			path = Auth;
			sourceTree = "<group>";
		};
		92AA54F4898E4A5413AFB424 /* Models */ = {
			isa = PBXGroup;
			children = (
				87747037B87C524712EB60CE /* Alert.swift */,
				11006E9F2139120F0114C419 /* AnalysisRun.swift */,
				741B24BE5B94DBF045AACBD4 /* Dashboard.swift */,
				50C0926DEC5A852E71E5F348 /* DecodingHelpers.swift */,
				53555B360591C580A0CD8C63 /* Digest.swift */,
				5D8545E60D1223D1BE1CAC01 /* NewsItem.swift */,
				CA68D051F7E6B3D8396319F1 /* Position.swift */,
				E435B87D2019D238DB264C8B /* PositionAnalysis.swift */,
				C13D5D4E31318BDF9E836901 /* PricePoint.swift */,
				C30AAE01DC38DF049E30EA36 /* RiskEnums.swift */,
				E839D4A9335DA9418736C503 /* RiskScore.swift */,
				661F4F5923CFE0B8A301B005 /* UserPreferences.swift */,
			);
			path = Models;
			sourceTree = "<group>";
		};
		AC65E2D75EB32E12A33E4FD5 /* Clavis */ = {
			isa = PBXGroup;
			children = (
				E4CF20F0809491F4543430C1 /* App */,
				92AA54F4898E4A5413AFB424 /* Models */,
				77D100D22D580D259613F232 /* Resources */,
				36D84313533EA6B9713E3F62 /* Services */,
				350FA7B326AA170F98AEADE5 /* ViewModels */,
				1939CBD9B7F3D2946014227C /* Views */,
			);
			path = Clavis;
			sourceTree = "<group>";
		};
		BABB4F388D2039F1DE06A395 /* Alerts */ = {
			isa = PBXGroup;
			children = (
				B8722709AAABD33C139625D0 /* AlertsView.swift */,
			);
			path = Alerts;
			sourceTree = "<group>";
		};
		C7F2833F8E006337767736A2 /* Settings */ = {
			isa = PBXGroup;
			children = (
				5856048E7E14BD3C2E4B76B9 /* SettingsView.swift */,
			);
			path = Settings;
			sourceTree = "<group>";
		};
		C80DBCD1ED8D72314EE63837 /* Fonts */ = {
			isa = PBXGroup;
			children = (
				8EB3AB54AAFB8C83DECCA920 /* Inter-Variable.ttf */,
				B5D24A78E9C13F60A17B2E84 /* JetBrainsMono-Regular.ttf */,
			);
			path = Fonts;
			sourceTree = "<group>";
		};
		E4CF20F0809491F4543430C1 /* App */ = {
			isa = PBXGroup;
			children = (
				B80F8C63EDE5E09B0FB7067F /* ClavisApp.swift */,
				BE607541546CE04B5295937C /* ClavisDesignSystem.swift */,
				011115DAEE21B65A0074A27C /* ContentView.swift */,
				6DE04452D246D5FAAB52974D /* DisplayText.swift */,
				15B66612E5443B430352FAAB /* MainTabView.swift */,
			);
			path = App;
			sourceTree = "<group>";
		};
		E71A0F7F9ACB89DE7131B165 /* PositionDetail */ = {
			isa = PBXGroup;
			children = (
				E1FCE7F1240CC9D1BB5D9A91 /* PositionDetailView.swift */,
				1F46151C0C929856200978D9 /* PriceChartView.swift */,
			);
			path = PositionDetail;
			sourceTree = "<group>";
		};
/* End PBXGroup section */

/* Begin PBXNativeTarget section */
		D6FE17FA964BA9FB7FC4EC18 /* Clavis */ = {
			isa = PBXNativeTarget;
			buildConfigurationList = 6A5EC0F77CA10808AF56D8CA /* Build configuration list for PBXNativeTarget "Clavis" */;
			buildPhases = (
				760C3D64FBB474CCFB64B1DD /* Sources */,
				3A7B681493ECE75FAA7A8BAF /* Resources */,
				71815FF8A88E3F260966E583 /* Frameworks */,
			);
			buildRules = (
			);
			dependencies = (
			);
			name = Clavis;
			packageProductDependencies = (
				A5451017CC31874BF6BE7AAD /* Supabase */,
			);
			productName = Clavis;
			productReference = 5D2D5EF09E956F001BB97806 /* Clavis.app */;
			productType = "com.apple.product-type.application";
		};
/* End PBXNativeTarget section */

/* Begin PBXProject section */
		87A6CC0588C607C5399160C6 /* Project object */ = {
			isa = PBXProject;
			attributes = {
				BuildIndependentTargetsInParallel = YES;
				LastUpgradeCheck = 1500;
				TargetAttributes = {
					D6FE17FA964BA9FB7FC4EC18 = {
						DevelopmentTeam = "";
						ProvisioningStyle = Automatic;
					};
				};
			};
			buildConfigurationList = 288358353FA2CFC0C485980C /* Build configuration list for PBXProject "Clavis" */;
			developmentRegion = en;
			hasScannedForEncodings = 0;
			knownRegions = (
				Base,
				en,
			);
			mainGroup = 7D2927D5959CAAF74F750455;
			minimizedProjectReferenceProxies = 1;
			packageReferences = (
				435E9845A26F2BF4F48D0549 /* XCRemoteSwiftPackageReference "supabase-swift" */,
			);
			preferredProjectObjectVersion = 77;
			productRefGroup = 1EA8C6E91C0FC397242383BD /* Products */;
			projectDirPath = "";
			projectRoot = "";
			targets = (
				D6FE17FA964BA9FB7FC4EC18 /* Clavis */,
			);
		};
/* End PBXProject section */

/* Begin PBXResourcesBuildPhase section */
		3A7B681493ECE75FAA7A8BAF /* Resources */ = {
			isa = PBXResourcesBuildPhase;
			buildActionMask = 2147483647;
			files = (
				4C67DB796D30B8B099615B2E /* Assets.xcassets in Resources */,
				16BF21C4806ED2A1C51A21FF /* Inter-Variable.ttf in Resources */,
				A2F93BC17D4E8A21C6F0553D /* JetBrainsMono-Regular.ttf in Resources */,
			);
			runOnlyForDeploymentPostprocessing = 0;
		};
/* End PBXResourcesBuildPhase section */

/* Begin PBXSourcesBuildPhase section */
		760C3D64FBB474CCFB64B1DD /* Sources */ = {
			isa = PBXSourcesBuildPhase;
			buildActionMask = 2147483647;
			files = (
				6587A362239F3C87E8A9CE9E /* APIService.swift in Sources */,
				FF2EFFAFA4C71C004E7BE8F0 /* Alert.swift in Sources */,
				2968C7B9D5B0CD322BFC6BA5 /* AlertsView.swift in Sources */,
				B27C10B2A3807B3DF6854E93 /* AlertsViewModel.swift in Sources */,
				D6CE6DA725D651B0796E0F78 /* AnalysisRun.swift in Sources */,
				AC8980659B3AB2CCC50D1CC8 /* AuthViewModel.swift in Sources */,
				B288C1564FD3A5CA715AEE40 /* ClavisApp.swift in Sources */,
				B61BCC248F71D8DB1FB4DCCB /* ClavisDesignSystem.swift in Sources */,
				8DAD521FBA34344E7E3DE207 /* ContentView.swift in Sources */,
				7E689AB654B29D40998B2FAA /* Dashboard.swift in Sources */,
				F93CCEE1F1296B9D0C69B5DE /* DashboardView.swift in Sources */,
				96008B0C1B49E0BCB4D6E95E /* DashboardViewModel.swift in Sources */,
				B8B6B6FAF7596041845F530D /* DecodingHelpers.swift in Sources */,
				6953499DF9BAA30FB978D436 /* Digest.swift in Sources */,
				1F29992CC73FA2AF8A5053C7 /* DigestView.swift in Sources */,
				B17527C480F9282C275C623A /* DigestViewModel.swift in Sources */,
				2E5B0458654B424B86CC9561 /* DisplayText.swift in Sources */,
				4541BC98D2D1F6C144CF8016 /* HoldingsListView.swift in Sources */,
				1BCA71D523BEDF92D78F7089 /* HoldingsViewModel.swift in Sources */,
				A07E209B16067F077DE89AB7 /* LoginView.swift in Sources */,
				9112C7EA91240C472D69C7AC /* MainTabView.swift in Sources */,
				A2374B88B846298636A93F5B /* NewsItem.swift in Sources */,
				10A597D9B89AF751C8F6220F /* Position.swift in Sources */,
				3EAE8B2B99CE87F9C797C551 /* PositionAnalysis.swift in Sources */,
				C3B908BF8D2C24F59E42F8D6 /* PositionDetailView.swift in Sources */,
				4E2788D874AA22953477EE2A /* PriceChartView.swift in Sources */,
				6F0B803D54BA6BD919253616 /* PricePoint.swift in Sources */,
				2D0A2D28435796BB5DF7C2ED /* PushNotificationManager.swift in Sources */,
				872A60158E6C4EDDC96F4A92 /* RiskEnums.swift in Sources */,
				6139879EB1B162A49C723F69 /* RiskScore.swift in Sources */,
				59E27730391F02665109EBB6 /* SafariView.swift in Sources */,
				B9DD10F0D12C47D0C61BEF8D /* SettingsView.swift in Sources */,
				8FA2D2834E7E84E515B83A7F /* SettingsViewModel.swift in Sources */,
				43838696AA2414C499640B61 /* SupabaseAuthService.swift in Sources */,
				60A69B6B2A7CE1A438849371 /* UserPreferences.swift in Sources */,
			);
			runOnlyForDeploymentPostprocessing = 0;
		};
/* End PBXSourcesBuildPhase section */

/* Begin XCBuildConfiguration section */
		00625FAD165797F1B1863089 /* Release */ = {
			isa = XCBuildConfiguration;
			buildSettings = {
				ALWAYS_SEARCH_USER_PATHS = NO;
				ASSETCATALOG_COMPILER_APPICON_NAME = AppIcon;
				CLANG_ANALYZER_NONNULL = YES;
				CLANG_ANALYZER_NUMBER_OBJECT_CONVERSION = YES_AGGRESSIVE;
				CLANG_CXX_LANGUAGE_STANDARD = "gnu++14";
				CLANG_CXX_LIBRARY = "libc++";
				CLANG_ENABLE_MODULES = YES;
				CLANG_ENABLE_OBJC_ARC = YES;
				CLANG_ENABLE_OBJC_WEAK = YES;
				CLANG_WARN_BLOCK_CAPTURE_AUTORELEASING = YES;
				CLANG_WARN_BOOL_CONVERSION = YES;
				CLANG_WARN_COMMA = YES;
				CLANG_WARN_CONSTANT_CONVERSION = YES;
				CLANG_WARN_DEPRECATED_OBJC_IMPLEMENTATIONS = YES;
				CLANG_WARN_DIRECT_OBJC_ISA_USAGE = YES_ERROR;
				CLANG_WARN_DOCUMENTATION_COMMENTS = YES;
				CLANG_WARN_EMPTY_BODY = YES;
				CLANG_WARN_ENUM_CONVERSION = YES;
				CLANG_WARN_INFINITE_RECURSION = YES;
				CLANG_WARN_INT_CONVERSION = YES;
				CLANG_WARN_NON_LITERAL_NULL_CONVERSION = YES;
				CLANG_WARN_OBJC_IMPLICIT_RETAIN_SELF = YES;
				CLANG_WARN_OBJC_LITERAL_CONVERSION = YES;
				CLANG_WARN_OBJC_ROOT_CLASS = YES_ERROR;
				CLANG_WARN_QUOTED_INCLUDE_IN_FRAMEWORK_HEADER = YES;
				CLANG_WARN_RANGE_LOOP_ANALYSIS = YES;
				CLANG_WARN_STRICT_PROTOTYPES = YES;
				CLANG_WARN_SUSPICIOUS_MOVE = YES;
				CLANG_WARN_UNGUARDED_AVAILABILITY = YES_AGGRESSIVE;
				CLANG_WARN_UNREACHABLE_CODE = YES;
				CLANG_WARN__DUPLICATE_METHOD_MATCH = YES;
				CODE_SIGN_STYLE = Automatic;
				COPY_PHASE_STRIP = NO;
				DEBUG_INFORMATION_FORMAT = "dwarf-with-dsym";
				DEVELOPMENT_TEAM = "";
				ENABLE_NS_ASSERTIONS = NO;
				ENABLE_STRICT_OBJC_MSGSEND = YES;
				GCC_C_LANGUAGE_STANDARD = gnu11;
				GCC_NO_COMMON_BLOCKS = YES;
				GCC_WARN_64_TO_32_BIT_CONVERSION = YES;
				GCC_WARN_ABOUT_RETURN_TYPE = YES_ERROR;
				GCC_WARN_UNDECLARED_SELECTOR = YES;
				GCC_WARN_UNINITIALIZED_AUTOS = YES_AGGRESSIVE;
				GCC_WARN_UNUSED_FUNCTION = YES;
				GCC_WARN_UNUSED_VARIABLE = YES;
				INFOPLIST_FILE = Clavis/Resources/Info.plist;
				IPHONEOS_DEPLOYMENT_TARGET = 17.0;
				MTL_ENABLE_DEBUG_INFO = NO;
				MTL_FAST_MATH = YES;
				PRODUCT_BUNDLE_IDENTIFIER = com.clavisdev.portfolioassistant;
				PRODUCT_NAME = "$(TARGET_NAME)";
				SDKROOT = iphoneos;
				SWIFT_COMPILATION_MODE = wholemodule;
				SWIFT_OPTIMIZATION_LEVEL = "-O";
				SWIFT_VERSION = 5.9;
				TARGETED_DEVICE_FAMILY = 1;
			};
			name = Release;
		};
		46EF0D46C94982F64ACB14C5 /* Debug */ = {
			isa = XCBuildConfiguration;
			buildSettings = {
				ALWAYS_SEARCH_USER_PATHS = NO;
				ASSETCATALOG_COMPILER_APPICON_NAME = AppIcon;
				CLANG_ANALYZER_NONNULL = YES;
				CLANG_ANALYZER_NUMBER_OBJECT_CONVERSION = YES_AGGRESSIVE;
				CLANG_CXX_LANGUAGE_STANDARD = "gnu++14";
				CLANG_CXX_LIBRARY = "libc++";
				CLANG_ENABLE_MODULES = YES;
				CLANG_ENABLE_OBJC_ARC = YES;
				CLANG_ENABLE_OBJC_WEAK = YES;
				CLANG_WARN_BLOCK_CAPTURE_AUTORELEASING = YES;
				CLANG_WARN_BOOL_CONVERSION = YES;
				CLANG_WARN_COMMA = YES;
				CLANG_WARN_CONSTANT_CONVERSION = YES;
				CLANG_WARN_DEPRECATED_OBJC_IMPLEMENTATIONS = YES;
				CLANG_WARN_DIRECT_OBJC_ISA_USAGE = YES_ERROR;
				CLANG_WARN_DOCUMENTATION_COMMENTS = YES;
				CLANG_WARN_EMPTY_BODY = YES;
				CLANG_WARN_ENUM_CONVERSION = YES;
				CLANG_WARN_INFINITE_RECURSION = YES;
				CLANG_WARN_INT_CONVERSION = YES;
				CLANG_WARN_NON_LITERAL_NULL_CONVERSION = YES;
				CLANG_WARN_OBJC_IMPLICIT_RETAIN_SELF = YES;
				CLANG_WARN_OBJC_LITERAL_CONVERSION = YES;
				CLANG_WARN_OBJC_ROOT_CLASS = YES_ERROR;
				CLANG_WARN_QUOTED_INCLUDE_IN_FRAMEWORK_HEADER = YES;
				CLANG_WARN_RANGE_LOOP_ANALYSIS = YES;
				CLANG_WARN_STRICT_PROTOTYPES = YES;
				CLANG_WARN_SUSPICIOUS_MOVE = YES;
				CLANG_WARN_UNGUARDED_AVAILABILITY = YES_AGGRESSIVE;
				CLANG_WARN_UNREACHABLE_CODE = YES;
				CLANG_WARN__DUPLICATE_METHOD_MATCH = YES;
				CODE_SIGN_STYLE = Automatic;
				COPY_PHASE_STRIP = NO;
				DEBUG_INFORMATION_FORMAT = dwarf;
				DEVELOPMENT_TEAM = "";
				ENABLE_STRICT_OBJC_MSGSEND = YES;
				ENABLE_TESTABILITY = YES;
				GCC_C_LANGUAGE_STANDARD = gnu11;
				GCC_DYNAMIC_NO_PIC = NO;
				GCC_NO_COMMON_BLOCKS = YES;
				GCC_OPTIMIZATION_LEVEL = 0;
				GCC_PREPROCESSOR_DEFINITIONS = (
					"$(inherited)",
					"DEBUG=1",
				);
				GCC_WARN_64_TO_32_BIT_CONVERSION = YES;
				GCC_WARN_ABOUT_RETURN_TYPE = YES_ERROR;
				GCC_WARN_UNDECLARED_SELECTOR = YES;
				GCC_WARN_UNINITIALIZED_AUTOS = YES_AGGRESSIVE;
				GCC_WARN_UNUSED_FUNCTION = YES;
				GCC_WARN_UNUSED_VARIABLE = YES;
				INFOPLIST_FILE = Clavis/Resources/Info.plist;
				IPHONEOS_DEPLOYMENT_TARGET = 17.0;
				MTL_ENABLE_DEBUG_INFO = INCLUDE_SOURCE;
				MTL_FAST_MATH = YES;
				ONLY_ACTIVE_ARCH = YES;
				PRODUCT_BUNDLE_IDENTIFIER = com.clavisdev.portfolioassistant;
				PRODUCT_NAME = "$(TARGET_NAME)";
				SDKROOT = iphoneos;
				SWIFT_ACTIVE_COMPILATION_CONDITIONS = DEBUG;
				SWIFT_OPTIMIZATION_LEVEL = "-Onone";
				SWIFT_VERSION = 5.9;
				TARGETED_DEVICE_FAMILY = 1;
			};
			name = Debug;
		};
		64B6351F32E6C615FA3C01B5 /* Release */ = {
			isa = XCBuildConfiguration;
			buildSettings = {
				ASSETCATALOG_COMPILER_APPICON_NAME = AppIcon;
				CODE_SIGN_IDENTITY = "iPhone Developer";
				INFOPLIST_FILE = Clavis/Resources/Info.plist;
				LD_RUNPATH_SEARCH_PATHS = (
					"$(inherited)",
					"@executable_path/Frameworks",
				);
				PRODUCT_BUNDLE_IDENTIFIER = com.clavisdev.portfolioassistant;
				SDKROOT = iphoneos;
				TARGETED_DEVICE_FAMILY = "1,2";
			};
			name = Release;
		};
		D867B54AEF30107B5F5B0D20 /* Debug */ = {
			isa = XCBuildConfiguration;
			buildSettings = {
				ASSETCATALOG_COMPILER_APPICON_NAME = AppIcon;
				CODE_SIGN_IDENTITY = "iPhone Developer";
				INFOPLIST_FILE = Clavis/Resources/Info.plist;
				LD_RUNPATH_SEARCH_PATHS = (
					"$(inherited)",
					"@executable_path/Frameworks",
				);
				PRODUCT_BUNDLE_IDENTIFIER = com.clavisdev.portfolioassistant;
				SDKROOT = iphoneos;
				TARGETED_DEVICE_FAMILY = "1,2";
			};
			name = Debug;
		};
/* End XCBuildConfiguration section */

/* Begin XCConfigurationList section */
		288358353FA2CFC0C485980C /* Build configuration list for PBXProject "Clavis" */ = {
			isa = XCConfigurationList;
			buildConfigurations = (
				46EF0D46C94982F64ACB14C5 /* Debug */,
				00625FAD165797F1B1863089 /* Release */,
			);
			defaultConfigurationIsVisible = 0;
			defaultConfigurationName = Debug;
		};
		6A5EC0F77CA10808AF56D8CA /* Build configuration list for PBXNativeTarget "Clavis" */ = {
			isa = XCConfigurationList;
			buildConfigurations = (
				D867B54AEF30107B5F5B0D20 /* Debug */,
				64B6351F32E6C615FA3C01B5 /* Release */,
			);
			defaultConfigurationIsVisible = 0;
			defaultConfigurationName = Debug;
		};
/* End XCConfigurationList section */

/* Begin XCRemoteSwiftPackageReference section */
		435E9845A26F2BF4F48D0549 /* XCRemoteSwiftPackageReference "supabase-swift" */ = {
			isa = XCRemoteSwiftPackageReference;
			repositoryURL = "https://github.com/supabase/supabase-swift";
			requirement = {
				kind = upToNextMajorVersion;
				minimumVersion = 2.0.0;
			};
		};
/* End XCRemoteSwiftPackageReference section */

/* Begin XCSwiftPackageProductDependency section */
		A5451017CC31874BF6BE7AAD /* Supabase */ = {
			isa = XCSwiftPackageProductDependency;
			package = 435E9845A26F2BF4F48D0549 /* XCRemoteSwiftPackageReference "supabase-swift" */;
			productName = Supabase;
		};
/* End XCSwiftPackageProductDependency section */
	};
	rootObject = 87A6CC0588C607C5399160C6 /* Project object */;
}
